lockfileVersion: 5.4

specifiers:
  '@vercel/ncc': ^0.34.0
  rxjs: ^7.5.6
  typescript: ^4.7.4

dependencies:
  rxjs: 7.5.6

devDependencies:
  '@vercel/ncc': 0.34.0
  typescript: 4.7.4

packages:

  /@vercel/ncc/0.34.0:
    resolution: {integrity: sha512-G9h5ZLBJ/V57Ou9vz5hI8pda/YQX5HQszCs3AmIus3XzsmRn/0Ptic5otD3xVST8QLKk7AMk7AqpsyQGN7MZ9A==}
    hasBin: true
    dev: true

  /rxjs/7.5.6:
    resolution: {integrity: sha512-dnyv2/YsXhnm461G+R/Pe5bWP41Nm6LBXEYWI6eiFP4fiwx6WRI/CD0zbdVAudd9xwLEF2IDcKXLHit0FYjUzw==}
    dependencies:
      tslib: 2.4.0
    dev: false

  /tslib/2.4.0:
    resolution: {integrity: sha512-d6xOpEDfsi2CZVlPQzGeux8XMwLT9hssAsaPYExaQMuYskwb+x1x7J371tWlbBdWHroy99KnVB6qIkUbs5X3UQ==}
    dev: false

  /typescript/4.7.4:
    resolution: {integrity: sha512-C0WQT0gezHuw6AdY1M2jxUO83Rjf0HP7Sk1DtXj6j1EwkQNZrHAg2XPWlq62oqEhYvONq5pkC2Y9oPljWToLmQ==}
    engines: {node: '>=4.2.0'}
    hasBin: true
    dev: true
